Microsoft Visual Studio Solution File, Format Version 12.00
# Visual Studio 16
Project("{2150E333-8FDC-42A3-9474-1A3956D46DE8}") = "CMakePredefinedTargets", "CMakePredefinedTargets", "{E3FF351C-FD36-39D9-9A3D-F237A6E0D1CA}"
EndProject
Project("{2150E333-8FDC-42A3-9474-1A3956D46DE8}") = "External", "External", "{377DCE9F-8031-3FB1-B841-E589171FD758}"
EndProject
Project("{2150E333-8FDC-42A3-9474-1A3956D46DE8}") = "Internal", "Internal", "{059DEDBC-BE30-361C-AB0D-97665829F4CB}"
EndProject
Project("{8BC9CEB8-8B4A-11D0-8D11-00A0C91BC942}") = "ALL_BUILD", "ALL_BUILD.vcxproj", "{0DA47A62-09E7-3E44-A17B-839264C62879}"
	ProjectSection(ProjectDependencies) = postProject
		{14B811B0-E1C3-315D-9A6D-541CF30CD8FC} = {14B811B0-E1C3-315D-9A6D-541CF30CD8FC}
		{F3741EED-E81B-3AE1-8746-B07980126D4B} = {F3741EED-E81B-3AE1-8746-B07980126D4B}
		{E5176AA7-1FE3-3EE6-8C6A-3C5394704B65} = {E5176AA7-1FE3-3EE6-8C6A-3C5394704B65}
		{31FCC431-3E3C-3609-B70D-F454D2D3B862} = {31FCC431-3E3C-3609-B70D-F454D2D3B862}
		{E01B4622-64C5-399D-81B9-86BC53A2999A} = {E01B4622-64C5-399D-81B9-86BC53A2999A}
		{BCD32F0A-C3D9-36B1-92DD-3761E309DC42} = {BCD32F0A-C3D9-36B1-92DD-3761E309DC42}
		{667E8E30-A2FA-391D-86D8-FF751DBAFA2F} = {667E8E30-A2FA-391D-86D8-FF751DBAFA2F}
		{5AAFAE85-47BC-3311-8539-DA05CC996230} = {5AAFAE85-47BC-3311-8539-DA05CC996230}
		{471FC6C5-A4ED-32E2-8F5C-2268B6CC5962} = {471FC6C5-A4ED-32E2-8F5C-2268B6CC5962}
		{02113961-9D1C-3276-B3F0-E694B2FBCB38} = {02113961-9D1C-3276-B3F0-E694B2FBCB38}
		{48244020-2F43-3A99-9ED2-8BA2C10B3A61} = {48244020-2F43-3A99-9ED2-8BA2C10B3A61}
		{1BA387B7-061C-34B5-9967-2DF5AD92C2D5} = {1BA387B7-061C-34B5-9967-2DF5AD92C2D5}
		{855A02B5-FE68-35C1-B494-2A0B56B33C24} = {855A02B5-FE68-35C1-B494-2A0B56B33C24}
	EndProjectSection
EndProject
Project("{8BC9CEB8-8B4A-11D0-8D11-00A0C91BC942}") = "ZERO_CHECK", "..\..\..\\ZERO_CHECK.vcxproj", "{14B811B0-E1C3-315D-9A6D-541CF30CD8FC}"
	ProjectSection(ProjectDependencies) = postProject
	EndProjectSection
EndProject
Project("{8BC9CEB8-8B4A-11D0-8D11-00A0C91BC942}") = "cocos2d", "cocos2d.vcxproj", "{F3741EED-E81B-3AE1-8746-B07980126D4B}"
	ProjectSection(ProjectDependencies) = postProject
		{14B811B0-E1C3-315D-9A6D-541CF30CD8FC} = {14B811B0-E1C3-315D-9A6D-541CF30CD8FC}
		{E5176AA7-1FE3-3EE6-8C6A-3C5394704B65} = {E5176AA7-1FE3-3EE6-8C6A-3C5394704B65}
		{31FCC431-3E3C-3609-B70D-F454D2D3B862} = {31FCC431-3E3C-3609-B70D-F454D2D3B862}
		{E01B4622-64C5-399D-81B9-86BC53A2999A} = {E01B4622-64C5-399D-81B9-86BC53A2999A}
		{BCD32F0A-C3D9-36B1-92DD-3761E309DC42} = {BCD32F0A-C3D9-36B1-92DD-3761E309DC42}
		{667E8E30-A2FA-391D-86D8-FF751DBAFA2F} = {667E8E30-A2FA-391D-86D8-FF751DBAFA2F}
		{5AAFAE85-47BC-3311-8539-DA05CC996230} = {5AAFAE85-47BC-3311-8539-DA05CC996230}
		{471FC6C5-A4ED-32E2-8F5C-2268B6CC5962} = {471FC6C5-A4ED-32E2-8F5C-2268B6CC5962}
		{02113961-9D1C-3276-B3F0-E694B2FBCB38} = {02113961-9D1C-3276-B3F0-E694B2FBCB38}
		{48244020-2F43-3A99-9ED2-8BA2C10B3A61} = {48244020-2F43-3A99-9ED2-8BA2C10B3A61}
		{1BA387B7-061C-34B5-9967-2DF5AD92C2D5} = {1BA387B7-061C-34B5-9967-2DF5AD92C2D5}
		{855A02B5-FE68-35C1-B494-2A0B56B33C24} = {855A02B5-FE68-35C1-B494-2A0B56B33C24}
	EndProjectSection
EndProject
Project("{8BC9CEB8-8B4A-11D0-8D11-00A0C91BC942}") = "ext_clipper", "..\..\external\clipper\ext_clipper.vcxproj", "{E5176AA7-1FE3-3EE6-8C6A-3C5394704B65}"
	ProjectSection(ProjectDependencies) = postProject
		{14B811B0-E1C3-315D-9A6D-541CF30CD8FC} = {14B811B0-E1C3-315D-9A6D-541CF30CD8FC}
	EndProjectSection
EndProject
Project("{8BC9CEB8-8B4A-11D0-8D11-00A0C91BC942}") = "ext_convertUTF", "..\..\external\ConvertUTF\ext_convertUTF.vcxproj", "{31FCC431-3E3C-3609-B70D-F454D2D3B862}"
	ProjectSection(ProjectDependencies) = postProject
		{14B811B0-E1C3-315D-9A6D-541CF30CD8FC} = {14B811B0-E1C3-315D-9A6D-541CF30CD8FC}
	EndProjectSection
EndProject
Project("{8BC9CEB8-8B4A-11D0-8D11-00A0C91BC942}") = "ext_edtaa3func", "..\..\external\edtaa3func\ext_edtaa3func.vcxproj", "{E01B4622-64C5-399D-81B9-86BC53A2999A}"
	ProjectSection(ProjectDependencies) = postProject
		{14B811B0-E1C3-315D-9A6D-541CF30CD8FC} = {14B811B0-E1C3-315D-9A6D-541CF30CD8FC}
	EndProjectSection
EndProject
Project("{8BC9CEB8-8B4A-11D0-8D11-00A0C91BC942}") = "ext_md5", "..\..\external\md5\ext_md5.vcxproj", "{BCD32F0A-C3D9-36B1-92DD-3761E309DC42}"
	ProjectSection(ProjectDependencies) = postProject
		{14B811B0-E1C3-315D-9A6D-541CF30CD8FC} = {14B811B0-E1C3-315D-9A6D-541CF30CD8FC}
	EndProjectSection
EndProject
Project("{8BC9CEB8-8B4A-11D0-8D11-00A0C91BC942}") = "ext_poly2tri", "..\..\external\poly2tri\ext_poly2tri.vcxproj", "{667E8E30-A2FA-391D-86D8-FF751DBAFA2F}"
	ProjectSection(ProjectDependencies) = postProject
		{14B811B0-E1C3-315D-9A6D-541CF30CD8FC} = {14B811B0-E1C3-315D-9A6D-541CF30CD8FC}
	EndProjectSection
EndProject
Project("{8BC9CEB8-8B4A-11D0-8D11-00A0C91BC942}") = "ext_recast", "..\..\external\recast\ext_recast.vcxproj", "{5AAFAE85-47BC-3311-8539-DA05CC996230}"
	ProjectSection(ProjectDependencies) = postProject
		{14B811B0-E1C3-315D-9A6D-541CF30CD8FC} = {14B811B0-E1C3-315D-9A6D-541CF30CD8FC}
	EndProjectSection
EndProject
Project("{8BC9CEB8-8B4A-11D0-8D11-00A0C91BC942}") = "ext_tinyxml2", "..\..\external\tinyxml2\ext_tinyxml2.vcxproj", "{471FC6C5-A4ED-32E2-8F5C-2268B6CC5962}"
	ProjectSection(ProjectDependencies) = postProject
		{14B811B0-E1C3-315D-9A6D-541CF30CD8FC} = {14B811B0-E1C3-315D-9A6D-541CF30CD8FC}
	EndProjectSection
EndProject
Project("{8BC9CEB8-8B4A-11D0-8D11-00A0C91BC942}") = "ext_unzip", "..\..\external\unzip\ext_unzip.vcxproj", "{02113961-9D1C-3276-B3F0-E694B2FBCB38}"
	ProjectSection(ProjectDependencies) = postProject
		{14B811B0-E1C3-315D-9A6D-541CF30CD8FC} = {14B811B0-E1C3-315D-9A6D-541CF30CD8FC}
	EndProjectSection
EndProject
Project("{8BC9CEB8-8B4A-11D0-8D11-00A0C91BC942}") = "ext_xxhash", "..\..\external\xxhash\ext_xxhash.vcxproj", "{48244020-2F43-3A99-9ED2-8BA2C10B3A61}"
	ProjectSection(ProjectDependencies) = postProject
		{14B811B0-E1C3-315D-9A6D-541CF30CD8FC} = {14B811B0-E1C3-315D-9A6D-541CF30CD8FC}
	EndProjectSection
EndProject
Project("{8BC9CEB8-8B4A-11D0-8D11-00A0C91BC942}") = "ext_xxtea", "..\..\external\xxtea\ext_xxtea.vcxproj", "{1BA387B7-061C-34B5-9967-2DF5AD92C2D5}"
	ProjectSection(ProjectDependencies) = postProject
		{14B811B0-E1C3-315D-9A6D-541CF30CD8FC} = {14B811B0-E1C3-315D-9A6D-541CF30CD8FC}
	EndProjectSection
EndProject
Project("{8BC9CEB8-8B4A-11D0-8D11-00A0C91BC942}") = "external", "..\..\external\external.vcxproj", "{855A02B5-FE68-35C1-B494-2A0B56B33C24}"
	ProjectSection(ProjectDependencies) = postProject
		{14B811B0-E1C3-315D-9A6D-541CF30CD8FC} = {14B811B0-E1C3-315D-9A6D-541CF30CD8FC}
		{E5176AA7-1FE3-3EE6-8C6A-3C5394704B65} = {E5176AA7-1FE3-3EE6-8C6A-3C5394704B65}
		{31FCC431-3E3C-3609-B70D-F454D2D3B862} = {31FCC431-3E3C-3609-B70D-F454D2D3B862}
		{E01B4622-64C5-399D-81B9-86BC53A2999A} = {E01B4622-64C5-399D-81B9-86BC53A2999A}
		{BCD32F0A-C3D9-36B1-92DD-3761E309DC42} = {BCD32F0A-C3D9-36B1-92DD-3761E309DC42}
		{667E8E30-A2FA-391D-86D8-FF751DBAFA2F} = {667E8E30-A2FA-391D-86D8-FF751DBAFA2F}
		{5AAFAE85-47BC-3311-8539-DA05CC996230} = {5AAFAE85-47BC-3311-8539-DA05CC996230}
		{471FC6C5-A4ED-32E2-8F5C-2268B6CC5962} = {471FC6C5-A4ED-32E2-8F5C-2268B6CC5962}
		{02113961-9D1C-3276-B3F0-E694B2FBCB38} = {02113961-9D1C-3276-B3F0-E694B2FBCB38}
		{48244020-2F43-3A99-9ED2-8BA2C10B3A61} = {48244020-2F43-3A99-9ED2-8BA2C10B3A61}
		{1BA387B7-061C-34B5-9967-2DF5AD92C2D5} = {1BA387B7-061C-34B5-9967-2DF5AD92C2D5}
	EndProjectSection
EndProject
Global
	GlobalSection(SolutionConfigurationPlatforms) = preSolution
		Debug|Win32 = Debug|Win32
		Release|Win32 = Release|Win32
		MinSizeRel|Win32 = MinSizeRel|Win32
		RelWithDebInfo|Win32 = RelWithDebInfo|Win32
	EndGlobalSection
	GlobalSection(ProjectConfigurationPlatforms) = postSolution
		{0DA47A62-09E7-3E44-A17B-839264C62879}.Debug|Win32.ActiveCfg = Debug|Win32
		{0DA47A62-09E7-3E44-A17B-839264C62879}.Release|Win32.ActiveCfg = Release|Win32
		{0DA47A62-09E7-3E44-A17B-839264C62879}.MinSizeRel|Win32.ActiveCfg = MinSizeRel|Win32
		{0DA47A62-09E7-3E44-A17B-839264C62879}.RelWithDebInfo|Win32.ActiveCfg = RelWithDebInfo|Win32
		{14B811B0-E1C3-315D-9A6D-541CF30CD8FC}.Debug|Win32.ActiveCfg = Debug|Win32
		{14B811B0-E1C3-315D-9A6D-541CF30CD8FC}.Debug|Win32.Build.0 = Debug|Win32
		{14B811B0-E1C3-315D-9A6D-541CF30CD8FC}.Release|Win32.ActiveCfg = Release|Win32
		{14B811B0-E1C3-315D-9A6D-541CF30CD8FC}.Release|Win32.Build.0 = Release|Win32
		{14B811B0-E1C3-315D-9A6D-541CF30CD8FC}.MinSizeRel|Win32.ActiveCfg = MinSizeRel|Win32
		{14B811B0-E1C3-315D-9A6D-541CF30CD8FC}.MinSizeRel|Win32.Build.0 = MinSizeRel|Win32
		{14B811B0-E1C3-315D-9A6D-541CF30CD8FC}.RelWithDebInfo|Win32.ActiveCfg = RelWithDebInfo|Win32
		{14B811B0-E1C3-315D-9A6D-541CF30CD8FC}.RelWithDebInfo|Win32.Build.0 = RelWithDebInfo|Win32
		{F3741EED-E81B-3AE1-8746-B07980126D4B}.Debug|Win32.ActiveCfg = Debug|Win32
		{F3741EED-E81B-3AE1-8746-B07980126D4B}.Debug|Win32.Build.0 = Debug|Win32
		{F3741EED-E81B-3AE1-8746-B07980126D4B}.Release|Win32.ActiveCfg = Release|Win32
		{F3741EED-E81B-3AE1-8746-B07980126D4B}.Release|Win32.Build.0 = Release|Win32
		{F3741EED-E81B-3AE1-8746-B07980126D4B}.MinSizeRel|Win32.ActiveCfg = MinSizeRel|Win32
		{F3741EED-E81B-3AE1-8746-B07980126D4B}.MinSizeRel|Win32.Build.0 = MinSizeRel|Win32
		{F3741EED-E81B-3AE1-8746-B07980126D4B}.RelWithDebInfo|Win32.ActiveCfg = RelWithDebInfo|Win32
		{F3741EED-E81B-3AE1-8746-B07980126D4B}.RelWithDebInfo|Win32.Build.0 = RelWithDebInfo|Win32
		{E5176AA7-1FE3-3EE6-8C6A-3C5394704B65}.Debug|Win32.ActiveCfg = Debug|Win32
		{E5176AA7-1FE3-3EE6-8C6A-3C5394704B65}.Debug|Win32.Build.0 = Debug|Win32
		{E5176AA7-1FE3-3EE6-8C6A-3C5394704B65}.Release|Win32.ActiveCfg = Release|Win32
		{E5176AA7-1FE3-3EE6-8C6A-3C5394704B65}.Release|Win32.Build.0 = Release|Win32
		{E5176AA7-1FE3-3EE6-8C6A-3C5394704B65}.MinSizeRel|Win32.ActiveCfg = MinSizeRel|Win32
		{E5176AA7-1FE3-3EE6-8C6A-3C5394704B65}.MinSizeRel|Win32.Build.0 = MinSizeRel|Win32
		{E5176AA7-1FE3-3EE6-8C6A-3C5394704B65}.RelWithDebInfo|Win32.ActiveCfg = RelWithDebInfo|Win32
		{E5176AA7-1FE3-3EE6-8C6A-3C5394704B65}.RelWithDebInfo|Win32.Build.0 = RelWithDebInfo|Win32
		{31FCC431-3E3C-3609-B70D-F454D2D3B862}.Debug|Win32.ActiveCfg = Debug|Win32
		{31FCC431-3E3C-3609-B70D-F454D2D3B862}.Debug|Win32.Build.0 = Debug|Win32
		{31FCC431-3E3C-3609-B70D-F454D2D3B862}.Release|Win32.ActiveCfg = Release|Win32
		{31FCC431-3E3C-3609-B70D-F454D2D3B862}.Release|Win32.Build.0 = Release|Win32
		{31FCC431-3E3C-3609-B70D-F454D2D3B862}.MinSizeRel|Win32.ActiveCfg = MinSizeRel|Win32
		{31FCC431-3E3C-3609-B70D-F454D2D3B862}.MinSizeRel|Win32.Build.0 = MinSizeRel|Win32
		{31FCC431-3E3C-3609-B70D-F454D2D3B862}.RelWithDebInfo|Win32.ActiveCfg = RelWithDebInfo|Win32
		{31FCC431-3E3C-3609-B70D-F454D2D3B862}.RelWithDebInfo|Win32.Build.0 = RelWithDebInfo|Win32
		{E01B4622-64C5-399D-81B9-86BC53A2999A}.Debug|Win32.ActiveCfg = Debug|Win32
		{E01B4622-64C5-399D-81B9-86BC53A2999A}.Debug|Win32.Build.0 = Debug|Win32
		{E01B4622-64C5-399D-81B9-86BC53A2999A}.Release|Win32.ActiveCfg = Release|Win32
		{E01B4622-64C5-399D-81B9-86BC53A2999A}.Release|Win32.Build.0 = Release|Win32
		{E01B4622-64C5-399D-81B9-86BC53A2999A}.MinSizeRel|Win32.ActiveCfg = MinSizeRel|Win32
		{E01B4622-64C5-399D-81B9-86BC53A2999A}.MinSizeRel|Win32.Build.0 = MinSizeRel|Win32
		{E01B4622-64C5-399D-81B9-86BC53A2999A}.RelWithDebInfo|Win32.ActiveCfg = RelWithDebInfo|Win32
		{E01B4622-64C5-399D-81B9-86BC53A2999A}.RelWithDebInfo|Win32.Build.0 = RelWithDebInfo|Win32
		{BCD32F0A-C3D9-36B1-92DD-3761E309DC42}.Debug|Win32.ActiveCfg = Debug|Win32
		{BCD32F0A-C3D9-36B1-92DD-3761E309DC42}.Debug|Win32.Build.0 = Debug|Win32
		{BCD32F0A-C3D9-36B1-92DD-3761E309DC42}.Release|Win32.ActiveCfg = Release|Win32
		{BCD32F0A-C3D9-36B1-92DD-3761E309DC42}.Release|Win32.Build.0 = Release|Win32
		{BCD32F0A-C3D9-36B1-92DD-3761E309DC42}.MinSizeRel|Win32.ActiveCfg = MinSizeRel|Win32
		{BCD32F0A-C3D9-36B1-92DD-3761E309DC42}.MinSizeRel|Win32.Build.0 = MinSizeRel|Win32
		{BCD32F0A-C3D9-36B1-92DD-3761E309DC42}.RelWithDebInfo|Win32.ActiveCfg = RelWithDebInfo|Win32
		{BCD32F0A-C3D9-36B1-92DD-3761E309DC42}.RelWithDebInfo|Win32.Build.0 = RelWithDebInfo|Win32
		{667E8E30-A2FA-391D-86D8-FF751DBAFA2F}.Debug|Win32.ActiveCfg = Debug|Win32
		{667E8E30-A2FA-391D-86D8-FF751DBAFA2F}.Debug|Win32.Build.0 = Debug|Win32
		{667E8E30-A2FA-391D-86D8-FF751DBAFA2F}.Release|Win32.ActiveCfg = Release|Win32
		{667E8E30-A2FA-391D-86D8-FF751DBAFA2F}.Release|Win32.Build.0 = Release|Win32
		{667E8E30-A2FA-391D-86D8-FF751DBAFA2F}.MinSizeRel|Win32.ActiveCfg = MinSizeRel|Win32
		{667E8E30-A2FA-391D-86D8-FF751DBAFA2F}.MinSizeRel|Win32.Build.0 = MinSizeRel|Win32
		{667E8E30-A2FA-391D-86D8-FF751DBAFA2F}.RelWithDebInfo|Win32.ActiveCfg = RelWithDebInfo|Win32
		{667E8E30-A2FA-391D-86D8-FF751DBAFA2F}.RelWithDebInfo|Win32.Build.0 = RelWithDebInfo|Win32
		{5AAFAE85-47BC-3311-8539-DA05CC996230}.Debug|Win32.ActiveCfg = Debug|Win32
		{5AAFAE85-47BC-3311-8539-DA05CC996230}.Debug|Win32.Build.0 = Debug|Win32
		{5AAFAE85-47BC-3311-8539-DA05CC996230}.Release|Win32.ActiveCfg = Release|Win32
		{5AAFAE85-47BC-3311-8539-DA05CC996230}.Release|Win32.Build.0 = Release|Win32
		{5AAFAE85-47BC-3311-8539-DA05CC996230}.MinSizeRel|Win32.ActiveCfg = MinSizeRel|Win32
		{5AAFAE85-47BC-3311-8539-DA05CC996230}.MinSizeRel|Win32.Build.0 = MinSizeRel|Win32
		{5AAFAE85-47BC-3311-8539-DA05CC996230}.RelWithDebInfo|Win32.ActiveCfg = RelWithDebInfo|Win32
		{5AAFAE85-47BC-3311-8539-DA05CC996230}.RelWithDebInfo|Win32.Build.0 = RelWithDebInfo|Win32
		{471FC6C5-A4ED-32E2-8F5C-2268B6CC5962}.Debug|Win32.ActiveCfg = Debug|Win32
		{471FC6C5-A4ED-32E2-8F5C-2268B6CC5962}.Debug|Win32.Build.0 = Debug|Win32
		{471FC6C5-A4ED-32E2-8F5C-2268B6CC5962}.Release|Win32.ActiveCfg = Release|Win32
		{471FC6C5-A4ED-32E2-8F5C-2268B6CC5962}.Release|Win32.Build.0 = Release|Win32
		{471FC6C5-A4ED-32E2-8F5C-2268B6CC5962}.MinSizeRel|Win32.ActiveCfg = MinSizeRel|Win32
		{471FC6C5-A4ED-32E2-8F5C-2268B6CC5962}.MinSizeRel|Win32.Build.0 = MinSizeRel|Win32
		{471FC6C5-A4ED-32E2-8F5C-2268B6CC5962}.RelWithDebInfo|Win32.ActiveCfg = RelWithDebInfo|Win32
		{471FC6C5-A4ED-32E2-8F5C-2268B6CC5962}.RelWithDebInfo|Win32.Build.0 = RelWithDebInfo|Win32
		{02113961-9D1C-3276-B3F0-E694B2FBCB38}.Debug|Win32.ActiveCfg = Debug|Win32
		{02113961-9D1C-3276-B3F0-E694B2FBCB38}.Debug|Win32.Build.0 = Debug|Win32
		{02113961-9D1C-3276-B3F0-E694B2FBCB38}.Release|Win32.ActiveCfg = Release|Win32
		{02113961-9D1C-3276-B3F0-E694B2FBCB38}.Release|Win32.Build.0 = Release|Win32
		{02113961-9D1C-3276-B3F0-E694B2FBCB38}.MinSizeRel|Win32.ActiveCfg = MinSizeRel|Win32
		{02113961-9D1C-3276-B3F0-E694B2FBCB38}.MinSizeRel|Win32.Build.0 = MinSizeRel|Win32
		{02113961-9D1C-3276-B3F0-E694B2FBCB38}.RelWithDebInfo|Win32.ActiveCfg = RelWithDebInfo|Win32
		{02113961-9D1C-3276-B3F0-E694B2FBCB38}.RelWithDebInfo|Win32.Build.0 = RelWithDebInfo|Win32
		{48244020-2F43-3A99-9ED2-8BA2C10B3A61}.Debug|Win32.ActiveCfg = Debug|Win32
		{48244020-2F43-3A99-9ED2-8BA2C10B3A61}.Debug|Win32.Build.0 = Debug|Win32
		{48244020-2F43-3A99-9ED2-8BA2C10B3A61}.Release|Win32.ActiveCfg = Release|Win32
		{48244020-2F43-3A99-9ED2-8BA2C10B3A61}.Release|Win32.Build.0 = Release|Win32
		{48244020-2F43-3A99-9ED2-8BA2C10B3A61}.MinSizeRel|Win32.ActiveCfg = MinSizeRel|Win32
		{48244020-2F43-3A99-9ED2-8BA2C10B3A61}.MinSizeRel|Win32.Build.0 = MinSizeRel|Win32
		{48244020-2F43-3A99-9ED2-8BA2C10B3A61}.RelWithDebInfo|Win32.ActiveCfg = RelWithDebInfo|Win32
		{48244020-2F43-3A99-9ED2-8BA2C10B3A61}.RelWithDebInfo|Win32.Build.0 = RelWithDebInfo|Win32
		{1BA387B7-061C-34B5-9967-2DF5AD92C2D5}.Debug|Win32.ActiveCfg = Debug|Win32
		{1BA387B7-061C-34B5-9967-2DF5AD92C2D5}.Debug|Win32.Build.0 = Debug|Win32
		{1BA387B7-061C-34B5-9967-2DF5AD92C2D5}.Release|Win32.ActiveCfg = Release|Win32
		{1BA387B7-061C-34B5-9967-2DF5AD92C2D5}.Release|Win32.Build.0 = Release|Win32
		{1BA387B7-061C-34B5-9967-2DF5AD92C2D5}.MinSizeRel|Win32.ActiveCfg = MinSizeRel|Win32
		{1BA387B7-061C-34B5-9967-2DF5AD92C2D5}.MinSizeRel|Win32.Build.0 = MinSizeRel|Win32
		{1BA387B7-061C-34B5-9967-2DF5AD92C2D5}.RelWithDebInfo|Win32.ActiveCfg = RelWithDebInfo|Win32
		{1BA387B7-061C-34B5-9967-2DF5AD92C2D5}.RelWithDebInfo|Win32.Build.0 = RelWithDebInfo|Win32
		{855A02B5-FE68-35C1-B494-2A0B56B33C24}.Debug|Win32.ActiveCfg = Debug|Win32
		{855A02B5-FE68-35C1-B494-2A0B56B33C24}.Debug|Win32.Build.0 = Debug|Win32
		{855A02B5-FE68-35C1-B494-2A0B56B33C24}.Release|Win32.ActiveCfg = Release|Win32
		{855A02B5-FE68-35C1-B494-2A0B56B33C24}.Release|Win32.Build.0 = Release|Win32
		{855A02B5-FE68-35C1-B494-2A0B56B33C24}.MinSizeRel|Win32.ActiveCfg = MinSizeRel|Win32
		{855A02B5-FE68-35C1-B494-2A0B56B33C24}.MinSizeRel|Win32.Build.0 = MinSizeRel|Win32
		{855A02B5-FE68-35C1-B494-2A0B56B33C24}.RelWithDebInfo|Win32.ActiveCfg = RelWithDebInfo|Win32
		{855A02B5-FE68-35C1-B494-2A0B56B33C24}.RelWithDebInfo|Win32.Build.0 = RelWithDebInfo|Win32
	EndGlobalSection
	GlobalSection(NestedProjects) = preSolution
		{0DA47A62-09E7-3E44-A17B-839264C62879} = {E3FF351C-FD36-39D9-9A3D-F237A6E0D1CA}
		{14B811B0-E1C3-315D-9A6D-541CF30CD8FC} = {E3FF351C-FD36-39D9-9A3D-F237A6E0D1CA}
		{E5176AA7-1FE3-3EE6-8C6A-3C5394704B65} = {377DCE9F-8031-3FB1-B841-E589171FD758}
		{31FCC431-3E3C-3609-B70D-F454D2D3B862} = {377DCE9F-8031-3FB1-B841-E589171FD758}
		{E01B4622-64C5-399D-81B9-86BC53A2999A} = {377DCE9F-8031-3FB1-B841-E589171FD758}
		{BCD32F0A-C3D9-36B1-92DD-3761E309DC42} = {377DCE9F-8031-3FB1-B841-E589171FD758}
		{667E8E30-A2FA-391D-86D8-FF751DBAFA2F} = {377DCE9F-8031-3FB1-B841-E589171FD758}
		{5AAFAE85-47BC-3311-8539-DA05CC996230} = {377DCE9F-8031-3FB1-B841-E589171FD758}
		{471FC6C5-A4ED-32E2-8F5C-2268B6CC5962} = {377DCE9F-8031-3FB1-B841-E589171FD758}
		{02113961-9D1C-3276-B3F0-E694B2FBCB38} = {377DCE9F-8031-3FB1-B841-E589171FD758}
		{48244020-2F43-3A99-9ED2-8BA2C10B3A61} = {377DCE9F-8031-3FB1-B841-E589171FD758}
		{1BA387B7-061C-34B5-9967-2DF5AD92C2D5} = {377DCE9F-8031-3FB1-B841-E589171FD758}
		{855A02B5-FE68-35C1-B494-2A0B56B33C24} = {377DCE9F-8031-3FB1-B841-E589171FD758}
		{F3741EED-E81B-3AE1-8746-B07980126D4B} = {059DEDBC-BE30-361C-AB0D-97665829F4CB}
	EndGlobalSection
	GlobalSection(ExtensibilityGlobals) = postSolution
		SolutionGuid = {188266BF-EF32-304D-A3E1-001684EBA0A6}
	EndGlobalSection
	GlobalSection(ExtensibilityAddIns) = postSolution
	EndGlobalSection
EndGlobal
